
Microsoft Visual Studio Solution File, Format Version 12.00
# Visual Studio 14
VisualStudioVersion = 14.0.24720.0
MinimumVisualStudioVersion = 10.0.40219.1
Project("{E24C65DC-7377-472B-9ABA-BC803B73C61A}") = "HawkesHome", ".", "{40E29103-3BC0-40E3-9056-4C74A2E9C6D1}"
	ProjectSection(WebsiteProperties) = preProject
		TargetFrameworkMoniker = ".NETFramework,Version%3Dv4.5.2"
		Debug.AspNetCompiler.VirtualPath = "/localhost_52405"
		Debug.AspNetCompiler.PhysicalPath = "..\HawkesHome\"
		Debug.AspNetCompiler.TargetPath = "PrecompiledWeb\localhost_52405\"
		Debug.AspNetCompiler.Updateable = "true"
		Debug.AspNetCompiler.ForceOverwrite = "true"
		Debug.AspNetCompiler.FixedNames = "false"
		Debug.AspNetCompiler.Debug = "True"
		Release.AspNetCompiler.VirtualPath = "/localhost_52405"
		Release.AspNetCompiler.PhysicalPath = "..\HawkesHome\"
		Release.AspNetCompiler.TargetPath = "PrecompiledWeb\localhost_52405\"
		Release.AspNetCompiler.Updateable = "true"
		Release.AspNetCompiler.ForceOverwrite = "true"
		Release.AspNetCompiler.FixedNames = "false"
		Release.AspNetCompiler.Debug = "False"
		VWDPort = "52405"
		SlnRelativePath = "..\HawkesHome\"
	EndProjectSection
EndProject
Global
	GlobalSection(SolutionConfigurationPlatforms) = preSolution
		Debug|Any CPU = Debug|Any CPU
	EndGlobalSection
	GlobalSection(ProjectConfigurationPlatforms) = postSolution
		{40E29103-3BC0-40E3-9056-4C74A2E9C6D1}.Debug|Any CPU.ActiveCfg = Debug|Any CPU
		{40E29103-3BC0-40E3-9056-4C74A2E9C6D1}.Debug|Any CPU.Build.0 = Debug|Any CPU
	EndGlobalSection
	GlobalSection(SolutionProperties) = preSolution
		HideSolutionNode = FALSE
	EndGlobalSection
EndGlobal
